
Microsoft Visual Studio Solution File, Format Version 12.00
# Visual Studio Version 17
VisualStudioVersion = 17.8.34316.72
MinimumVisualStudioVersion = 10.0.40219.1
Project("{FAE04EC0-301F-11D3-BF4B-00C04F79EFBC}") = "E-Learning.API", "E-Learning.API\E-Learning.API.csproj", "{7206EBE9-6B87-49A4-993B-1CB947942A88}"
EndProject
Global
	GlobalSection(SolutionConfigurationPlatforms) = preSolution
		Debug|Any CPU = Debug|Any CPU
		Release|Any CPU = Release|Any CPU
	EndGlobalSection
	GlobalSection(ProjectConfigurationPlatforms) = postSolution
		{7206EBE9-6B87-49A4-993B-1CB947942A88}.Debug|Any CPU.ActiveCfg = Debug|Any CPU
		{7206EBE9-6B87-49A4-993B-1CB947942A88}.Debug|Any CPU.Build.0 = Debug|Any CPU
		{7206EBE9-6B87-49A4-993B-1CB947942A88}.Release|Any CPU.ActiveCfg = Release|Any CPU
		{7206EBE9-6B87-49A4-993B-1CB947942A88}.Release|Any CPU.Build.0 = Release|Any CPU
	EndGlobalSection
	GlobalSection(SolutionProperties) = preSolution
		HideSolutionNode = FALSE
	EndGlobalSection
	GlobalSection(ExtensibilityGlobals) = postSolution
		SolutionGuid = {72CBDBD6-8926-424D-9F0F-C9D44AD9A75C}
	EndGlobalSection
EndGlobal
